
Microsoft Visual Studio Solution File, Format Version 12.00
# Visual Studio 15
VisualStudioVersion = 15.0.26730.15
MinimumVisualStudioVersion = 10.0.40219.1
Project("{FAE04EC0-301F-11D3-BF4B-00C04F79EFBC}") = "OauthService", "OauthService\OauthService.csproj", "{AB1EF7E3-FA53-498C-A85B-502A689FF877}"
EndProject
Global
	GlobalSection(SolutionConfigurationPlatforms) = preSolution
		Debug|Any CPU = Debug|Any CPU
		Release|Any CPU = Release|Any CPU
	EndGlobalSection
	GlobalSection(ProjectConfigurationPlatforms) = postSolution
		{AB1EF7E3-FA53-498C-A85B-502A689FF877}.Debug|Any CPU.ActiveCfg = Debug|Any CPU
		{AB1EF7E3-FA53-498C-A85B-502A689FF877}.Debug|Any CPU.Build.0 = Debug|Any CPU
		{AB1EF7E3-FA53-498C-A85B-502A689FF877}.Release|Any CPU.ActiveCfg = Release|Any CPU
		{AB1EF7E3-FA53-498C-A85B-502A689FF877}.Release|Any CPU.Build.0 = Release|Any CPU
	EndGlobalSection
	GlobalSection(SolutionProperties) = preSolution
		HideSolutionNode = FALSE
	EndGlobalSection
	GlobalSection(ExtensibilityGlobals) = postSolution
		SolutionGuid = {4673A964-B4AA-4775-85F2-4DCA494DEC72}
	EndGlobalSection
EndGlobal
