
Microsoft Visual Studio Solution File, Format Version 12.00
# Visual Studio 15
VisualStudioVersion = 15.0.26730.15
MinimumVisualStudioVersion = 10.0.40219.1
Project("{FAE04EC0-301F-11D3-BF4B-00C04F79EFBC}") = "OauthService", "OauthService\OauthService.csproj", "{AB1EF7E3-FA53-498C-A85B-502A689FF877}"
EndProject
Project("{FAE04EC0-301F-11D3-BF4B-00C04F79EFBC}") = "OauthService.Token", "OauthService.TokenProviders\OauthService.Token.csproj", "{9AE695DC-C9C3-4BC5-9DA8-641C09BBB82C}"
EndProject
Project("{FAE04EC0-301F-11D3-BF4B-00C04F79EFBC}") = "OauthService.Model", "OauthService.Model\OauthService.Model.csproj", "{6E248E5C-C384-4F67-9BDE-CAD197C59F5F}"
EndProject
Project("{2150E333-8FDC-42A3-9474-1A3956D46DE8}") = "Test", "Test", "{0F38DDA3-ECC2-40CC-A6BB-A788D8C4D0A9}"
EndProject
Project("{FAE04EC0-301F-11D3-BF4B-00C04F79EFBC}") = "UnitTests", "UnitTests\UnitTests.csproj", "{BFDB12CB-AE63-4941-9EBE-9A78FFD8408D}"
EndProject
Project("{FAE04EC0-301F-11D3-BF4B-00C04F79EFBC}") = "OauthService.DataAccess", "OauthService.DataAccess\OauthService.DataAccess.csproj", "{227712CB-6F09-470A-9AE3-C9DC48BDE991}"
EndProject
Project("{FAE04EC0-301F-11D3-BF4B-00C04F79EFBC}") = "IntegrationTests", "IntegrationTests\IntegrationTests.csproj", "{29C0D037-ADCB-41B7-9168-683AD0923B41}"
EndProject
Global
	GlobalSection(SolutionConfigurationPlatforms) = preSolution
		Debug|Any CPU = Debug|Any CPU
		Release|Any CPU = Release|Any CPU
	EndGlobalSection
	GlobalSection(ProjectConfigurationPlatforms) = postSolution
		{AB1EF7E3-FA53-498C-A85B-502A689FF877}.Debug|Any CPU.ActiveCfg = Debug|Any CPU
		{AB1EF7E3-FA53-498C-A85B-502A689FF877}.Debug|Any CPU.Build.0 = Debug|Any CPU
		{AB1EF7E3-FA53-498C-A85B-502A689FF877}.Release|Any CPU.ActiveCfg = Release|Any CPU
		{AB1EF7E3-FA53-498C-A85B-502A689FF877}.Release|Any CPU.Build.0 = Release|Any CPU
		{9AE695DC-C9C3-4BC5-9DA8-641C09BBB82C}.Debug|Any CPU.ActiveCfg = Debug|Any CPU
		{9AE695DC-C9C3-4BC5-9DA8-641C09BBB82C}.Debug|Any CPU.Build.0 = Debug|Any CPU
		{9AE695DC-C9C3-4BC5-9DA8-641C09BBB82C}.Release|Any CPU.ActiveCfg = Release|Any CPU
		{9AE695DC-C9C3-4BC5-9DA8-641C09BBB82C}.Release|Any CPU.Build.0 = Release|Any CPU
		{6E248E5C-C384-4F67-9BDE-CAD197C59F5F}.Debug|Any CPU.ActiveCfg = Debug|Any CPU
		{6E248E5C-C384-4F67-9BDE-CAD197C59F5F}.Debug|Any CPU.Build.0 = Debug|Any CPU
		{6E248E5C-C384-4F67-9BDE-CAD197C59F5F}.Release|Any CPU.ActiveCfg = Release|Any CPU
		{6E248E5C-C384-4F67-9BDE-CAD197C59F5F}.Release|Any CPU.Build.0 = Release|Any CPU
		{BFDB12CB-AE63-4941-9EBE-9A78FFD8408D}.Debug|Any CPU.ActiveCfg = Debug|Any CPU
		{BFDB12CB-AE63-4941-9EBE-9A78FFD8408D}.Debug|Any CPU.Build.0 = Debug|Any CPU
		{BFDB12CB-AE63-4941-9EBE-9A78FFD8408D}.Release|Any CPU.ActiveCfg = Release|Any CPU
		{BFDB12CB-AE63-4941-9EBE-9A78FFD8408D}.Release|Any CPU.Build.0 = Release|Any CPU
		{227712CB-6F09-470A-9AE3-C9DC48BDE991}.Debug|Any CPU.ActiveCfg = Debug|Any CPU
		{227712CB-6F09-470A-9AE3-C9DC48BDE991}.Debug|Any CPU.Build.0 = Debug|Any CPU
		{227712CB-6F09-470A-9AE3-C9DC48BDE991}.Release|Any CPU.ActiveCfg = Release|Any CPU
		{227712CB-6F09-470A-9AE3-C9DC48BDE991}.Release|Any CPU.Build.0 = Release|Any CPU
		{29C0D037-ADCB-41B7-9168-683AD0923B41}.Debug|Any CPU.ActiveCfg = Debug|Any CPU
		{29C0D037-ADCB-41B7-9168-683AD0923B41}.Debug|Any CPU.Build.0 = Debug|Any CPU
		{29C0D037-ADCB-41B7-9168-683AD0923B41}.Release|Any CPU.ActiveCfg = Release|Any CPU
		{29C0D037-ADCB-41B7-9168-683AD0923B41}.Release|Any CPU.Build.0 = Release|Any CPU
	EndGlobalSection
	GlobalSection(SolutionProperties) = preSolution
		HideSolutionNode = FALSE
	EndGlobalSection
	GlobalSection(NestedProjects) = preSolution
		{BFDB12CB-AE63-4941-9EBE-9A78FFD8408D} = {0F38DDA3-ECC2-40CC-A6BB-A788D8C4D0A9}
		{29C0D037-ADCB-41B7-9168-683AD0923B41} = {0F38DDA3-ECC2-40CC-A6BB-A788D8C4D0A9}
	EndGlobalSection
	GlobalSection(ExtensibilityGlobals) = postSolution
		SolutionGuid = {4673A964-B4AA-4775-85F2-4DCA494DEC72}
	EndGlobalSection
EndGlobal
